
Microsoft Visual Studio Solution File, Format Version 12.00
# Visual Studio Version 16
VisualStudioVersion = 16.0.29102.190
MinimumVisualStudioVersion = 10.0.40219.1
Project("{FAE04EC0-301F-11D3-BF4B-00C04F79EFBC}") = "Login2.0", "Login2.0\Login2.0.csproj", "{4F7B4BE5-A2A2-4AB5-8AAD-5B8C3975AB94}"
EndProject
Global
	GlobalSection(SolutionConfigurationPlatforms) = preSolution
		Debug|Any CPU = Debug|Any CPU
		Release|Any CPU = Release|Any CPU
	EndGlobalSection
	GlobalSection(ProjectConfigurationPlatforms) = postSolution
		{4F7B4BE5-A2A2-4AB5-8AAD-5B8C3975AB94}.Debug|Any CPU.ActiveCfg = Debug|Any CPU
		{4F7B4BE5-A2A2-4AB5-8AAD-5B8C3975AB94}.Debug|Any CPU.Build.0 = Debug|Any CPU
		{4F7B4BE5-A2A2-4AB5-8AAD-5B8C3975AB94}.Release|Any CPU.ActiveCfg = Release|Any CPU
		{4F7B4BE5-A2A2-4AB5-8AAD-5B8C3975AB94}.Release|Any CPU.Build.0 = Release|Any CPU
	EndGlobalSection
	GlobalSection(SolutionProperties) = preSolution
		HideSolutionNode = FALSE
	EndGlobalSection
	GlobalSection(ExtensibilityGlobals) = postSolution
		SolutionGuid = {78DEBE09-E4F8-46BF-A37E-B04BF5AF6A5E}
	EndGlobalSection
EndGlobal
